
Microsoft Visual Studio Solution File, Format Version 12.00
# Visual Studio 15
VisualStudioVersion = 15.0.27130.2010
MinimumVisualStudioVersion = 10.0.40219.1
Project("{E24C65DC-7377-472B-9ABA-BC803B73C61A}") = "FlexExample3", "FlexExample3\", "{A077A094-6E01-4B39-98E5-8B2689CD9261}"
	ProjectSection(WebsiteProperties) = preProject
		TargetFrameworkMoniker = ".NETFramework,Version%3Dv4.6.1"
		Debug.AspNetCompiler.VirtualPath = "/localhost_64077"
		Debug.AspNetCompiler.PhysicalPath = "FlexExample3\"
		Debug.AspNetCompiler.TargetPath = "PrecompiledWeb\localhost_64077\"
		Debug.AspNetCompiler.Updateable = "true"
		Debug.AspNetCompiler.ForceOverwrite = "true"
		Debug.AspNetCompiler.FixedNames = "false"
		Debug.AspNetCompiler.Debug = "True"
		Release.AspNetCompiler.VirtualPath = "/localhost_64077"
		Release.AspNetCompiler.PhysicalPath = "FlexExample3\"
		Release.AspNetCompiler.TargetPath = "PrecompiledWeb\localhost_64077\"
		Release.AspNetCompiler.Updateable = "true"
		Release.AspNetCompiler.ForceOverwrite = "true"
		Release.AspNetCompiler.FixedNames = "false"
		Release.AspNetCompiler.Debug = "False"
		VWDPort = "64077"
		SlnRelativePath = "FlexExample3\"
		DefaultWebSiteLanguage = "Visual C#"
	EndProjectSection
EndProject
Global
	GlobalSection(SolutionConfigurationPlatforms) = preSolution
		Debug|Any CPU = Debug|Any CPU
	EndGlobalSection
	GlobalSection(ProjectConfigurationPlatforms) = postSolution
		{A077A094-6E01-4B39-98E5-8B2689CD9261}.Debug|Any CPU.ActiveCfg = Debug|Any CPU
		{A077A094-6E01-4B39-98E5-8B2689CD9261}.Debug|Any CPU.Build.0 = Debug|Any CPU
	EndGlobalSection
	GlobalSection(SolutionProperties) = preSolution
		HideSolutionNode = FALSE
	EndGlobalSection
	GlobalSection(ExtensibilityGlobals) = postSolution
		SolutionGuid = {41C17AA8-E567-400A-825D-AA18EA1C5D7F}
	EndGlobalSection
EndGlobal
